// !$*UTF8*$!
{
	archiveVersion = 1;
	classes = {
	};
	objectVersion = 46;
	objects = {

/* Begin PBXBuildFile section */
		1310FE001AA341EB002EA649 /* Main.storyboard in Resources */ = {isa = PBXBuildFile; fileRef = 1310FDFF1AA341EB002EA649 /* Main.storyboard */; };
		13BBBC0A1AA34BCB00E029A4 /* motionsensor.png in Resources */ = {isa = PBXBuildFile; fileRef = 13BBBC091AA34BCB00E029A4 /* motionsensor.png */; };
		13BBBC0C1AA34C2600E029A4 /* lightbulb.jpg in Resources */ = {isa = PBXBuildFile; fileRef = 13BBBC0B1AA34C2600E029A4 /* lightbulb.jpg */; };
		13CF3C941AA332B400E1EDBE /* main.m in Sources */ = {isa = PBXBuildFile; fileRef = 13CF3C931AA332B400E1EDBE /* main.m */; };
		13CF3C971AA332B400E1EDBE /* AppDelegate.m in Sources */ = {isa = PBXBuildFile; fileRef = 13CF3C961AA332B400E1EDBE /* AppDelegate.m */; };
		13CF3C9A1AA332B400E1EDBE /* indigolink.xcdatamodeld in Sources */ = {isa = PBXBuildFile; fileRef = 13CF3C981AA332B400E1EDBE /* indigolink.xcdatamodeld */; };
		13CF3C9D1AA332B400E1EDBE /* ViewController.m in Sources */ = {isa = PBXBuildFile; fileRef = 13CF3C9C1AA332B400E1EDBE /* ViewController.m */; };
		13CF3CA21AA332B400E1EDBE /* Images.xcassets in Resources */ = {isa = PBXBuildFile; fileRef = 13CF3CA11AA332B400E1EDBE /* Images.xcassets */; };
		13CF3CB11AA332B400E1EDBE /* indigolinkTests.m in Sources */ = {isa = PBXBuildFile; fileRef = 13CF3CB01AA332B400E1EDBE /* indigolinkTests.m */; };
		13CF3CC11AA333CF00E1EDBE /* SRWebSocket.m in Sources */ = {isa = PBXBuildFile; fileRef = 13CF3CC01AA333CF00E1EDBE /* SRWebSocket.m */; };
		13CF3CCB1AA3340800E1EDBE /* luminancesensor.jpg in Resources */ = {isa = PBXBuildFile; fileRef = 13CF3CC41AA3340800E1EDBE /* luminancesensor.jpg */; };
		13CF3CCD1AA3340800E1EDBE /* smokesensor.jpg in Resources */ = {isa = PBXBuildFile; fileRef = 13CF3CC61AA3340800E1EDBE /* smokesensor.jpg */; };
		13CF3CCE1AA3340800E1EDBE /* temperaturesensor.jpg in Resources */ = {isa = PBXBuildFile; fileRef = 13CF3CC71AA3340800E1EDBE /* temperaturesensor.jpg */; };
		13CF3CCF1AA3340800E1EDBE /* uksocket.jpg in Resources */ = {isa = PBXBuildFile; fileRef = 13CF3CC81AA3340800E1EDBE /* uksocket.jpg */; };
		13CF3CD01AA3340800E1EDBE /* windowsensor.jpg in Resources */ = {isa = PBXBuildFile; fileRef = 13CF3CC91AA3340800E1EDBE /* windowsensor.jpg */; };
		13CF3CD21AA3343B00E1EDBE /* AEXML.swift in Sources */ = {isa = PBXBuildFile; fileRef = 13CF3CD11AA3343B00E1EDBE /* AEXML.swift */; };
		13CF3CD61AA3345F00E1EDBE /* DeviceCustomCell.swift in Sources */ = {isa = PBXBuildFile; fileRef = 13CF3CD31AA3345F00E1EDBE /* DeviceCustomCell.swift */; };
		13CF3CD71AA3345F00E1EDBE /* DeviceGroups.swift in Sources */ = {isa = PBXBuildFile; fileRef = 13CF3CD41AA3345F00E1EDBE /* DeviceGroups.swift */; };
		13CF3CD81AA3345F00E1EDBE /* DeviceListTableViewController.swift in Sources */ = {isa = PBXBuildFile; fileRef = 13CF3CD51AA3345F00E1EDBE /* DeviceListTableViewController.swift */; };
		13CF3CDA1AA3347900E1EDBE /* Misc.swift in Sources */ = {isa = PBXBuildFile; fileRef = 13CF3CD91AA3347900E1EDBE /* Misc.swift */; };
		13CF3CDE1AA3348600E1EDBE /* SettingsController.swift in Sources */ = {isa = PBXBuildFile; fileRef = 13CF3CDB1AA3348600E1EDBE /* SettingsController.swift */; };
		13CF3CDF1AA3348600E1EDBE /* SettingsCustomCell.swift in Sources */ = {isa = PBXBuildFile; fileRef = 13CF3CDC1AA3348600E1EDBE /* SettingsCustomCell.swift */; };
		13CF3CE01AA3348600E1EDBE /* ShowGraphViewController.swift in Sources */ = {isa = PBXBuildFile; fileRef = 13CF3CDD1AA3348600E1EDBE /* ShowGraphViewController.swift */; };
		13CF3CE31AA334B200E1EDBE /* SwiftyJSON.swift in Sources */ = {isa = PBXBuildFile; fileRef = 13CF3CE11AA334B200E1EDBE /* SwiftyJSON.swift */; };
		13CF3CE41AA334B200E1EDBE /* SyncDevices.swift in Sources */ = {isa = PBXBuildFile; fileRef = 13CF3CE21AA334B200E1EDBE /* SyncDevices.swift */; };
		13CF3CE61AA337B800E1EDBE /* TelerikUI.framework in Frameworks */ = {isa = PBXBuildFile; fileRef = 13CF3CE51AA337B800E1EDBE /* TelerikUI.framework */; };
		13CF3CE81AA337C200E1EDBE /* UIKit.framework in Frameworks */ = {isa = PBXBuildFile; fileRef = 13CF3CE71AA337C200E1EDBE /* UIKit.framework */; };
		13CF3CEA1AA337CA00E1EDBE /* CoreGraphics.framework in Frameworks */ = {isa = PBXBuildFile; fileRef = 13CF3CE91AA337CA00E1EDBE /* CoreGraphics.framework */; };
		13CF3CEC1AA337F900E1EDBE /* Security.framework in Frameworks */ = {isa = PBXBuildFile; fileRef = 13CF3CEB1AA337F900E1EDBE /* Security.framework */; };
		13CF3CEE1AA3380200E1EDBE /* CFNetwork.framework in Frameworks */ = {isa = PBXBuildFile; fileRef = 13CF3CED1AA3380200E1EDBE /* CFNetwork.framework */; };
		13CF3CF01AA3380C00E1EDBE /* Foundation.framework in Frameworks */ = {isa = PBXBuildFile; fileRef = 13CF3CEF1AA3380C00E1EDBE /* Foundation.framework */; };
		13CF3CF21AA3382900E1EDBE /* libicucore.dylib in Frameworks */ = {isa = PBXBuildFile; fileRef = 13CF3CF11AA3382900E1EDBE /* libicucore.dylib */; };
/* End PBXBuildFile section */

/* Begin PBXContainerItemProxy section */
		13CF3CAB1AA332B400E1EDBE /* PBXContainerItemProxy */ = {
			isa = PBXContainerItemProxy;
			containerPortal = 13CF3C861AA332B400E1EDBE /* Project object */;
			proxyType = 1;
			remoteGlobalIDString = 13CF3C8D1AA332B400E1EDBE;
			remoteInfo = indigolink;
		};
/* End PBXContainerItemProxy section */

/* Begin PBXFileReference section */
		1310FDFF1AA341EB002EA649 /* Main.storyboard */ = {isa = PBXFileReference; fileEncoding = 4; lastKnownFileType = file.storyboard; path = Main.storyboard; sourceTree = "<group>"; };
		13BBBC091AA34BCB00E029A4 /* motionsensor.png */ = {isa = PBXFileReference; lastKnownFileType = image.png; path = motionsensor.png; sourceTree = "<group>"; };
		13BBBC0B1AA34C2600E029A4 /* lightbulb.jpg */ = {isa = PBXFileReference; lastKnownFileType = image.jpeg; path = lightbulb.jpg; sourceTree = "<group>"; };
		13CF3C8E1AA332B400E1EDBE /* indigolink.app */ = {isa = PBXFileReference; explicitFileType = wrapper.application; includeInIndex = 0; path = indigolink.app; sourceTree = BUILT_PRODUCTS_DIR; };
		13CF3C921AA332B400E1EDBE /* Info.plist */ = {isa = PBXFileReference; lastKnownFileType = text.plist.xml; path = Info.plist; sourceTree = "<group>"; };
		13CF3C931AA332B400E1EDBE /* main.m */ = {isa = PBXFileReference; lastKnownFileType = sourcecode.c.objc; path = main.m; sourceTree = "<group>"; };
		13CF3C951AA332B400E1EDBE /* AppDelegate.h */ = {isa = PBXFileReference; lastKnownFileType = sourcecode.c.h; path = AppDelegate.h; sourceTree = "<group>"; };
		13CF3C961AA332B400E1EDBE /* AppDelegate.m */ = {isa = PBXFileReference; lastKnownFileType = sourcecode.c.objc; path = AppDelegate.m; sourceTree = "<group>"; };
		13CF3C991AA332B400E1EDBE /* indigolink.xcdatamodel */ = {isa = PBXFileReference; lastKnownFileType = wrapper.xcdatamodel; path = indigolink.xcdatamodel; sourceTree = "<group>"; };
		13CF3C9B1AA332B400E1EDBE /* ViewController.h */ = {isa = PBXFileReference; lastKnownFileType = sourcecode.c.h; path = ViewController.h; sourceTree = "<group>"; };
		13CF3C9C1AA332B400E1EDBE /* ViewController.m */ = {isa = PBXFileReference; lastKnownFileType = sourcecode.c.objc; path = ViewController.m; sourceTree = "<group>"; };
		13CF3CA11AA332B400E1EDBE /* Images.xcassets */ = {isa = PBXFileReference; lastKnownFileType = folder.assetcatalog; path = Images.xcassets; sourceTree = "<group>"; };
		13CF3CAA1AA332B400E1EDBE /* indigolinkTests.xctest */ = {isa = PBXFileReference; explicitFileType = wrapper.cfbundle; includeInIndex = 0; path = indigolinkTests.xctest; sourceTree = BUILT_PRODUCTS_DIR; };
		13CF3CAF1AA332B400E1EDBE /* Info.plist */ = {isa = PBXFileReference; lastKnownFileType = text.plist.xml; path = Info.plist; sourceTree = "<group>"; };
		13CF3CB01AA332B400E1EDBE /* indigolinkTests.m */ = {isa = PBXFileReference; lastKnownFileType = sourcecode.c.objc; path = indigolinkTests.m; sourceTree = "<group>"; };
		13CF3CBA1AA3338D00E1EDBE /* indigolink-Bridging-Header.h */ = {isa = PBXFileReference; lastKnownFileType = sourcecode.c.h; path = "indigolink-Bridging-Header.h"; sourceTree = SOURCE_ROOT; };
		13CF3CBE1AA333CF00E1EDBE /* SocketRocket-Prefix.pch */ = {isa = PBXFileReference; fileEncoding = 4; lastKnownFileType = sourcecode.c.h; path = "SocketRocket-Prefix.pch"; sourceTree = "<group>"; };
		13CF3CBF1AA333CF00E1EDBE /* SRWebSocket.h */ = {isa = PBXFileReference; fileEncoding = 4; lastKnownFileType = sourcecode.c.h; path = SRWebSocket.h; sourceTree = "<group>"; };
		13CF3CC01AA333CF00E1EDBE /* SRWebSocket.m */ = {isa = PBXFileReference; fileEncoding = 4; lastKnownFileType = sourcecode.c.objc; path = SRWebSocket.m; sourceTree = "<group>"; };
		13CF3CC41AA3340800E1EDBE /* luminancesensor.jpg */ = {isa = PBXFileReference; lastKnownFileType = image.jpeg; path = luminancesensor.jpg; sourceTree = "<group>"; };
		13CF3CC61AA3340800E1EDBE /* smokesensor.jpg */ = {isa = PBXFileReference; lastKnownFileType = image.jpeg; path = smokesensor.jpg; sourceTree = "<group>"; };
		13CF3CC71AA3340800E1EDBE /* temperaturesensor.jpg */ = {isa = PBXFileReference; lastKnownFileType = image.jpeg; path = temperaturesensor.jpg; sourceTree = "<group>"; };
		13CF3CC81AA3340800E1EDBE /* uksocket.jpg */ = {isa = PBXFileReference; lastKnownFileType = image.jpeg; path = uksocket.jpg; sourceTree = "<group>"; };
		13CF3CC91AA3340800E1EDBE /* windowsensor.jpg */ = {isa = PBXFileReference; lastKnownFileType = image.jpeg; path = windowsensor.jpg; sourceTree = "<group>"; };
		13CF3CD11AA3343B00E1EDBE /* AEXML.swift */ = {isa = PBXFileReference; fileEncoding = 4; lastKnownFileType = sourcecode.swift; path = AEXML.swift; sourceTree = "<group>"; };
		13CF3CD31AA3345F00E1EDBE /* DeviceCustomCell.swift */ = {isa = PBXFileReference; fileEncoding = 4; lastKnownFileType = sourcecode.swift; path = DeviceCustomCell.swift; sourceTree = "<group>"; };
		13CF3CD41AA3345F00E1EDBE /* DeviceGroups.swift */ = {isa = PBXFileReference; fileEncoding = 4; lastKnownFileType = sourcecode.swift; path = DeviceGroups.swift; sourceTree = "<group>"; };
		13CF3CD51AA3345F00E1EDBE /* DeviceListTableViewController.swift */ = {isa = PBXFileReference; fileEncoding = 4; lastKnownFileType = sourcecode.swift; path = DeviceListTableViewController.swift; sourceTree = "<group>"; };
		13CF3CD91AA3347900E1EDBE /* Misc.swift */ = {isa = PBXFileReference; fileEncoding = 4; lastKnownFileType = sourcecode.swift; path = Misc.swift; sourceTree = "<group>"; };
		13CF3CDB1AA3348600E1EDBE /* SettingsController.swift */ = {isa = PBXFileReference; fileEncoding = 4; lastKnownFileType = sourcecode.swift; path = SettingsController.swift; sourceTree = "<group>"; };
		13CF3CDC1AA3348600E1EDBE /* SettingsCustomCell.swift */ = {isa = PBXFileReference; fileEncoding = 4; lastKnownFileType = sourcecode.swift; path = SettingsCustomCell.swift; sourceTree = "<group>"; };
		13CF3CDD1AA3348600E1EDBE /* ShowGraphViewController.swift */ = {isa = PBXFileReference; fileEncoding = 4; lastKnownFileType = sourcecode.swift; path = ShowGraphViewController.swift; sourceTree = "<group>"; };
		13CF3CE11AA334B200E1EDBE /* SwiftyJSON.swift */ = {isa = PBXFileReference; fileEncoding = 4; lastKnownFileType = sourcecode.swift; path = SwiftyJSON.swift; sourceTree = "<group>"; };
		13CF3CE21AA334B200E1EDBE /* SyncDevices.swift */ = {isa = PBXFileReference; fileEncoding = 4; lastKnownFileType = sourcecode.swift; path = SyncDevices.swift; sourceTree = "<group>"; };
		13CF3CE51AA337B800E1EDBE /* TelerikUI.framework */ = {isa = PBXFileReference; lastKnownFileType = wrapper.framework; name = TelerikUI.framework; path = Library/Frameworks/TelerikUI.framework; sourceTree = DEVELOPER_DIR; };
		13CF3CE71AA337C200E1EDBE /* UIKit.framework */ = {isa = PBXFileReference; lastKnownFileType = wrapper.framework; name = UIKit.framework; path = System/Library/Frameworks/UIKit.framework; sourceTree = SDKROOT; };
		13CF3CE91AA337CA00E1EDBE /* CoreGraphics.framework */ = {isa = PBXFileReference; lastKnownFileType = wrapper.framework; name = CoreGraphics.framework; path = System/Library/Frameworks/CoreGraphics.framework; sourceTree = SDKROOT; };
		13CF3CEB1AA337F900E1EDBE /* Security.framework */ = {isa = PBXFileReference; lastKnownFileType = wrapper.framework; name = Security.framework; path = System/Library/Frameworks/Security.framework; sourceTree = SDKROOT; };
		13CF3CED1AA3380200E1EDBE /* CFNetwork.framework */ = {isa = PBXFileReference; lastKnownFileType = wrapper.framework; name = CFNetwork.framework; path = System/Library/Frameworks/CFNetwork.framework; sourceTree = SDKROOT; };
		13CF3CEF1AA3380C00E1EDBE /* Foundation.framework */ = {isa = PBXFileReference; lastKnownFileType = wrapper.framework; name = Foundation.framework; path = System/Library/Frameworks/Foundation.framework; sourceTree = SDKROOT; };
		13CF3CF11AA3382900E1EDBE /* libicucore.dylib */ = {isa = PBXFileReference; lastKnownFileType = "compiled.mach-o.dylib"; name = libicucore.dylib; path = usr/lib/libicucore.dylib; sourceTree = SDKROOT; };
/* End PBXFileReference section */

/* Begin PBXFrameworksBuildPhase section */
		13CF3C8B1AA332B400E1EDBE /* Frameworks */ = {
			isa = PBXFrameworksBuildPhase;
			buildActionMask = 2147483647;
			files = (
				13CF3CF21AA3382900E1EDBE /* libicucore.dylib in Frameworks */,
				13CF3CF01AA3380C00E1EDBE /* Foundation.framework in Frameworks */,
				13CF3CEE1AA3380200E1EDBE /* CFNetwork.framework in Frameworks */,
				13CF3CEC1AA337F900E1EDBE /* Security.framework in Frameworks */,
				13CF3CEA1AA337CA00E1EDBE /* CoreGraphics.framework in Frameworks */,
				13CF3CE81AA337C200E1EDBE /* UIKit.framework in Frameworks */,
				13CF3CE61AA337B800E1EDBE /* TelerikUI.framework in Frameworks */,
			);
			runOnlyForDeploymentPostprocessing = 0;
		};
		13CF3CA71AA332B400E1EDBE /* Frameworks */ = {
			isa = PBXFrameworksBuildPhase;
			buildActionMask = 2147483647;
			files = (
			);
			runOnlyForDeploymentPostprocessing = 0;
		};
/* End PBXFrameworksBuildPhase section */

/* Begin PBXGroup section */
		13CF3C851AA332B400E1EDBE = {
			isa = PBXGroup;
			children = (
				13CF3CF11AA3382900E1EDBE /* libicucore.dylib */,
				13CF3CEF1AA3380C00E1EDBE /* Foundation.framework */,
				13CF3CED1AA3380200E1EDBE /* CFNetwork.framework */,
				13CF3CEB1AA337F900E1EDBE /* Security.framework */,
				13CF3CE91AA337CA00E1EDBE /* CoreGraphics.framework */,
				13CF3CE71AA337C200E1EDBE /* UIKit.framework */,
				13CF3CE51AA337B800E1EDBE /* TelerikUI.framework */,
				13CF3C901AA332B400E1EDBE /* indigolink */,
				13CF3CAD1AA332B400E1EDBE /* indigolinkTests */,
				13CF3C8F1AA332B400E1EDBE /* Products */,
			);
			sourceTree = "<group>";
		};
		13CF3C8F1AA332B400E1EDBE /* Products */ = {
			isa = PBXGroup;
			children = (
				13CF3C8E1AA332B400E1EDBE /* indigolink.app */,
				13CF3CAA1AA332B400E1EDBE /* indigolinkTests.xctest */,
			);
			name = Products;
			sourceTree = "<group>";
		};
		13CF3C901AA332B400E1EDBE /* indigolink */ = {
			isa = PBXGroup;
			children = (
				13CF3CBA1AA3338D00E1EDBE /* indigolink-Bridging-Header.h */,
				13CF3CD11AA3343B00E1EDBE /* AEXML.swift */,
				13CF3CD31AA3345F00E1EDBE /* DeviceCustomCell.swift */,
				13CF3CD41AA3345F00E1EDBE /* DeviceGroups.swift */,
				13CF3CD51AA3345F00E1EDBE /* DeviceListTableViewController.swift */,
				13CF3CD91AA3347900E1EDBE /* Misc.swift */,
				13CF3CDB1AA3348600E1EDBE /* SettingsController.swift */,
				13CF3CDC1AA3348600E1EDBE /* SettingsCustomCell.swift */,
				13CF3CDD1AA3348600E1EDBE /* ShowGraphViewController.swift */,
				13CF3CE11AA334B200E1EDBE /* SwiftyJSON.swift */,
				13CF3CE21AA334B200E1EDBE /* SyncDevices.swift */,
				1310FDFF1AA341EB002EA649 /* Main.storyboard */,
				13CF3C951AA332B400E1EDBE /* AppDelegate.h */,
				13CF3C961AA332B400E1EDBE /* AppDelegate.m */,
				13CF3C9B1AA332B400E1EDBE /* ViewController.h */,
				13CF3C9C1AA332B400E1EDBE /* ViewController.m */,
				13CF3CA11AA332B400E1EDBE /* Images.xcassets */,
				13CF3C981AA332B400E1EDBE /* indigolink.xcdatamodeld */,
				13CF3CC21AA3340800E1EDBE /* images */,
				13CF3CBD1AA333CF00E1EDBE /* SocketRocket */,
				13CF3C911AA332B400E1EDBE /* Supporting Files */,
			);
			path = indigolink;
			sourceTree = "<group>";
		};
		13CF3C911AA332B400E1EDBE /* Supporting Files */ = {
			isa = PBXGroup;
			children = (
				13CF3C921AA332B400E1EDBE /* Info.plist */,
				13CF3C931AA332B400E1EDBE /* main.m */,
			);
			name = "Supporting Files";
			sourceTree = "<group>";
		};
		13CF3CAD1AA332B400E1EDBE /* indigolinkTests */ = {
			isa = PBXGroup;
			children = (
				13CF3CB01AA332B400E1EDBE /* indigolinkTests.m */,
				13CF3CAE1AA332B400E1EDBE /* Supporting Files */,
			);
			path = indigolinkTests;
			sourceTree = "<group>";
		};
		13CF3CAE1AA332B400E1EDBE /* Supporting Files */ = {
			isa = PBXGroup;
			children = (
				13CF3CAF1AA332B400E1EDBE /* Info.plist */,
			);
			name = "Supporting Files";
			sourceTree = "<group>";
		};
		13CF3CBD1AA333CF00E1EDBE /* SocketRocket */ = {
			isa = PBXGroup;
			children = (
				13CF3CBE1AA333CF00E1EDBE /* SocketRocket-Prefix.pch */,
				13CF3CBF1AA333CF00E1EDBE /* SRWebSocket.h */,
				13CF3CC01AA333CF00E1EDBE /* SRWebSocket.m */,
			);
			path = SocketRocket;
			sourceTree = "<group>";
		};
		13CF3CC21AA3340800E1EDBE /* images */ = {
			isa = PBXGroup;
			children = (
				13BBBC0B1AA34C2600E029A4 /* lightbulb.jpg */,
				13BBBC091AA34BCB00E029A4 /* motionsensor.png */,
				13CF3CC41AA3340800E1EDBE /* luminancesensor.jpg */,
				13CF3CC61AA3340800E1EDBE /* smokesensor.jpg */,
				13CF3CC71AA3340800E1EDBE /* temperaturesensor.jpg */,
				13CF3CC81AA3340800E1EDBE /* uksocket.jpg */,
				13CF3CC91AA3340800E1EDBE /* windowsensor.jpg */,
			);
			path = images;
			sourceTree = "<group>";
		};
/* End PBXGroup section */

/* Begin PBXNativeTarget section */
		13CF3C8D1AA332B400E1EDBE /* indigolink */ = {
			isa = PBXNativeTarget;
			buildConfigurationList = 13CF3CB41AA332B400E1EDBE /* Build configuration list for PBXNativeTarget "indigolink" */;
			buildPhases = (
				13CF3C8A1AA332B400E1EDBE /* Sources */,
				13CF3C8B1AA332B400E1EDBE /* Frameworks */,
				13CF3C8C1AA332B400E1EDBE /* Resources */,
			);
			buildRules = (
			);
			dependencies = (
			);
			name = indigolink;
			productName = indigolink;
			productReference = 13CF3C8E1AA332B400E1EDBE /* indigolink.app */;
			productType = "com.apple.product-type.application";
		};
		13CF3CA91AA332B400E1EDBE /* indigolinkTests */ = {
			isa = PBXNativeTarget;
			buildConfigurationList = 13CF3CB71AA332B400E1EDBE /* Build configuration list for PBXNativeTarget "indigolinkTests" */;
			buildPhases = (
				13CF3CA61AA332B400E1EDBE /* Sources */,
				13CF3CA71AA332B400E1EDBE /* Frameworks */,
				13CF3CA81AA332B400E1EDBE /* Resources */,
			);
			buildRules = (
			);
			dependencies = (
				13CF3CAC1AA332B400E1EDBE /* PBXTargetDependency */,
			);
			name = indigolinkTests;
			productName = indigolinkTests;
			productReference = 13CF3CAA1AA332B400E1EDBE /* indigolinkTests.xctest */;
			productType = "com.apple.product-type.bundle.unit-test";
		};
/* End PBXNativeTarget section */

/* Begin PBXProject section */
		13CF3C861AA332B400E1EDBE /* Project object */ = {
			isa = PBXProject;
			attributes = {
				LastUpgradeCheck = 0610;
				ORGANIZATIONNAME = com;
				TargetAttributes = {
					13CF3C8D1AA332B400E1EDBE = {
						CreatedOnToolsVersion = 6.1.1;
					};
					13CF3CA91AA332B400E1EDBE = {
						CreatedOnToolsVersion = 6.1.1;
						TestTargetID = 13CF3C8D1AA332B400E1EDBE;
					};
				};
			};
			buildConfigurationList = 13CF3C891AA332B400E1EDBE /* Build configuration list for PBXProject "indigolink" */;
			compatibilityVersion = "Xcode 3.2";
			developmentRegion = English;
			hasScannedForEncodings = 0;
			knownRegions = (
				en,
				Base,
			);
			mainGroup = 13CF3C851AA332B400E1EDBE;
			productRefGroup = 13CF3C8F1AA332B400E1EDBE /* Products */;
			projectDirPath = "";
			projectRoot = "";
			targets = (
				13CF3C8D1AA332B400E1EDBE /* indigolink */,
				13CF3CA91AA332B400E1EDBE /* indigolinkTests */,
			);
		};
/* End PBXProject section */

/* Begin PBXResourcesBuildPhase section */
		13CF3C8C1AA332B400E1EDBE /* Resources */ = {
			isa = PBXResourcesBuildPhase;
			buildActionMask = 2147483647;
			files = (
				13CF3CCB1AA3340800E1EDBE /* luminancesensor.jpg in Resources */,
				13CF3CD01AA3340800E1EDBE /* windowsensor.jpg in Resources */,
				13CF3CCF1AA3340800E1EDBE /* uksocket.jpg in Resources */,
				13CF3CCE1AA3340800E1EDBE /* temperaturesensor.jpg in Resources */,
				13BBBC0C1AA34C2600E029A4 /* lightbulb.jpg in Resources */,
				13CF3CA21AA332B400E1EDBE /* Images.xcassets in Resources */,
				13BBBC0A1AA34BCB00E029A4 /* motionsensor.png in Resources */,
				1310FE001AA341EB002EA649 /* Main.storyboard in Resources */,
				13CF3CCD1AA3340800E1EDBE /* smokesensor.jpg in Resources */,
			);
			runOnlyForDeploymentPostprocessing = 0;
		};
		13CF3CA81AA332B400E1EDBE /* Resources */ = {
			isa = PBXResourcesBuildPhase;
			buildActionMask = 2147483647;
			files = (
			);
			runOnlyForDeploymentPostprocessing = 0;
		};
/* End PBXResourcesBuildPhase section */

/* Begin PBXSourcesBuildPhase section */
		13CF3C8A1AA332B400E1EDBE /* Sources */ = {
			isa = PBXSourcesBuildPhase;
			buildActionMask = 2147483647;
			files = (
				13CF3CE41AA334B200E1EDBE /* SyncDevices.swift in Sources */,
				13CF3CC11AA333CF00E1EDBE /* SRWebSocket.m in Sources */,
				13CF3C9A1AA332B400E1EDBE /* indigolink.xcdatamodeld in Sources */,
				13CF3C971AA332B400E1EDBE /* AppDelegate.m in Sources */,
				13CF3CDA1AA3347900E1EDBE /* Misc.swift in Sources */,
				13CF3C9D1AA332B400E1EDBE /* ViewController.m in Sources */,
				13CF3CE31AA334B200E1EDBE /* SwiftyJSON.swift in Sources */,
				13CF3CE01AA3348600E1EDBE /* ShowGraphViewController.swift in Sources */,
				13CF3CDE1AA3348600E1EDBE /* SettingsController.swift in Sources */,
				13CF3CD61AA3345F00E1EDBE /* DeviceCustomCell.swift in Sources */,
				13CF3CD21AA3343B00E1EDBE /* AEXML.swift in Sources */,
				13CF3CD71AA3345F00E1EDBE /* DeviceGroups.swift in Sources */,
				13CF3C941AA332B400E1EDBE /* main.m in Sources */,
				13CF3CD81AA3345F00E1EDBE /* DeviceListTableViewController.swift in Sources */,
				13CF3CDF1AA3348600E1EDBE /* SettingsCustomCell.swift in Sources */,
			);
			runOnlyForDeploymentPostprocessing = 0;
		};
		13CF3CA61AA332B400E1EDBE /* Sources */ = {
			isa = PBXSourcesBuildPhase;
			buildActionMask = 2147483647;
			files = (
				13CF3CB11AA332B400E1EDBE /* indigolinkTests.m in Sources */,
			);
			runOnlyForDeploymentPostprocessing = 0;
		};
/* End PBXSourcesBuildPhase section */

/* Begin PBXTargetDependency section */
		13CF3CAC1AA332B400E1EDBE /* PBXTargetDependency */ = {
			isa = PBXTargetDependency;
			target = 13CF3C8D1AA332B400E1EDBE /* indigolink */;
			targetProxy = 13CF3CAB1AA332B400E1EDBE /* PBXContainerItemProxy */;
		};
/* End PBXTargetDependency section */

/* Begin XCBuildConfiguration section */
		13CF3CB21AA332B400E1EDBE /* Debug */ = {
			isa = XCBuildConfiguration;
			buildSettings = {
				ALWAYS_SEARCH_USER_PATHS = NO;
				CLANG_CXX_LANGUAGE_STANDARD = "gnu++0x";
				CLANG_CXX_LIBRARY = "libc++";
				CLANG_ENABLE_MODULES = YES;
				CLANG_ENABLE_OBJC_ARC = YES;
				CLANG_WARN_BOOL_CONVERSION = YES;
				CLANG_WARN_CONSTANT_CONVERSION = YES;
				CLANG_WARN_DIRECT_OBJC_ISA_USAGE = YES_ERROR;
				CLANG_WARN_EMPTY_BODY = YES;
				CLANG_WARN_ENUM_CONVERSION = YES;
				CLANG_WARN_INT_CONVERSION = YES;
				CLANG_WARN_OBJC_ROOT_CLASS = YES_ERROR;
				CLANG_WARN_UNREACHABLE_CODE = YES;
				CLANG_WARN__DUPLICATE_METHOD_MATCH = YES;
				"CODE_SIGN_IDENTITY[sdk=iphoneos*]" = "iPhone Developer";
				COPY_PHASE_STRIP = NO;
				ENABLE_STRICT_OBJC_MSGSEND = YES;
				GCC_C_LANGUAGE_STANDARD = gnu99;
				GCC_DYNAMIC_NO_PIC = NO;
				GCC_OPTIMIZATION_LEVEL = 0;
				GCC_PREPROCESSOR_DEFINITIONS = (
					"DEBUG=1",
					"$(inherited)",
				);
				GCC_SYMBOLS_PRIVATE_EXTERN = NO;
				GCC_WARN_64_TO_32_BIT_CONVERSION = YES;
				GCC_WARN_ABOUT_RETURN_TYPE = YES_ERROR;
				GCC_WARN_UNDECLARED_SELECTOR = YES;
				GCC_WARN_UNINITIALIZED_AUTOS = YES_AGGRESSIVE;
				GCC_WARN_UNUSED_FUNCTION = YES;
				GCC_WARN_UNUSED_VARIABLE = YES;
				IPHONEOS_DEPLOYMENT_TARGET = 8.1;
				MTL_ENABLE_DEBUG_INFO = YES;
				ONLY_ACTIVE_ARCH = YES;
				SDKROOT = iphoneos;
			};
			name = Debug;
		};
		13CF3CB31AA332B400E1EDBE /* Release */ = {
			isa = XCBuildConfiguration;
			buildSettings = {
				ALWAYS_SEARCH_USER_PATHS = NO;
				CLANG_CXX_LANGUAGE_STANDARD = "gnu++0x";
				CLANG_CXX_LIBRARY = "libc++";
				CLANG_ENABLE_MODULES = YES;
				CLANG_ENABLE_OBJC_ARC = YES;
				CLANG_WARN_BOOL_CONVERSION = YES;
				CLANG_WARN_CONSTANT_CONVERSION = YES;
				CLANG_WARN_DIRECT_OBJC_ISA_USAGE = YES_ERROR;
				CLANG_WARN_EMPTY_BODY = YES;
				CLANG_WARN_ENUM_CONVERSION = YES;
				CLANG_WARN_INT_CONVERSION = YES;
				CLANG_WARN_OBJC_ROOT_CLASS = YES_ERROR;
				CLANG_WARN_UNREACHABLE_CODE = YES;
				CLANG_WARN__DUPLICATE_METHOD_MATCH = YES;
				"CODE_SIGN_IDENTITY[sdk=iphoneos*]" = "iPhone Developer";
				COPY_PHASE_STRIP = YES;
				ENABLE_NS_ASSERTIONS = NO;
				ENABLE_STRICT_OBJC_MSGSEND = YES;
				GCC_C_LANGUAGE_STANDARD = gnu99;
				GCC_WARN_64_TO_32_BIT_CONVERSION = YES;
				GCC_WARN_ABOUT_RETURN_TYPE = YES_ERROR;
				GCC_WARN_UNDECLARED_SELECTOR = YES;
				GCC_WARN_UNINITIALIZED_AUTOS = YES_AGGRESSIVE;
				GCC_WARN_UNUSED_FUNCTION = YES;
				GCC_WARN_UNUSED_VARIABLE = YES;
				IPHONEOS_DEPLOYMENT_TARGET = 8.1;
				MTL_ENABLE_DEBUG_INFO = NO;
				SDKROOT = iphoneos;
				VALIDATE_PRODUCT = YES;
			};
			name = Release;
		};
		13CF3CB51AA332B400E1EDBE /* Debug */ = {
			isa = XCBuildConfiguration;
			buildSettings = {
				ASSETCATALOG_COMPILER_APPICON_NAME = AppIcon;
				CLANG_ENABLE_MODULES = YES;
				FRAMEWORK_SEARCH_PATHS = (
					"$(inherited)",
					"$(DEVELOPER_FRAMEWORKS_DIR)",
				);
				INFOPLIST_FILE = indigolink/Info.plist;
				IPHONEOS_DEPLOYMENT_TARGET = 8.1;
				LD_RUNPATH_SEARCH_PATHS = "$(inherited) @executable_path/Frameworks";
				OTHER_LDFLAGS = (
					"-ObjC",
					"-v",
				);
				PRODUCT_NAME = "$(TARGET_NAME)";
				SWIFT_OBJC_BRIDGING_HEADER = "indigolink-Bridging-Header.h";
				SWIFT_OPTIMIZATION_LEVEL = "-Onone";
			};
			name = Debug;
		};
		13CF3CB61AA332B400E1EDBE /* Release */ = {
			isa = XCBuildConfiguration;
			buildSettings = {
				ASSETCATALOG_COMPILER_APPICON_NAME = AppIcon;
				CLANG_ENABLE_MODULES = YES;
				FRAMEWORK_SEARCH_PATHS = (
					"$(inherited)",
					"$(DEVELOPER_FRAMEWORKS_DIR)",
				);
				INFOPLIST_FILE = indigolink/Info.plist;
				IPHONEOS_DEPLOYMENT_TARGET = 8.1;
				LD_RUNPATH_SEARCH_PATHS = "$(inherited) @executable_path/Frameworks";
				OTHER_LDFLAGS = (
					"-ObjC",
					"-v",
				);
				PRODUCT_NAME = "$(TARGET_NAME)";
				SWIFT_OBJC_BRIDGING_HEADER = "indigolink-Bridging-Header.h";
			};
			name = Release;
		};
		13CF3CB81AA332B400E1EDBE /* Debug */ = {
			isa = XCBuildConfiguration;
			buildSettings = {
				BUNDLE_LOADER = "$(TEST_HOST)";
				FRAMEWORK_SEARCH_PATHS = (
					"$(SDKROOT)/Developer/Library/Frameworks",
					"$(inherited)",
				);
				GCC_PREPROCESSOR_DEFINITIONS = (
					"DEBUG=1",
					"$(inherited)",
				);
				INFOPLIST_FILE = indigolinkTests/Info.plist;
				LD_RUNPATH_SEARCH_PATHS = "$(inherited) @executable_path/Frameworks @loader_path/Frameworks";
				PRODUCT_NAME = "$(TARGET_NAME)";
				TEST_HOST = "$(BUILT_PRODUCTS_DIR)/indigolink.app/indigolink";
			};
			name = Debug;
		};
		13CF3CB91AA332B400E1EDBE /* Release */ = {
			isa = XCBuildConfiguration;
			buildSettings = {
				BUNDLE_LOADER = "$(TEST_HOST)";
				FRAMEWORK_SEARCH_PATHS = (
					"$(SDKROOT)/Developer/Library/Frameworks",
					"$(inherited)",
				);
				INFOPLIST_FILE = indigolinkTests/Info.plist;
				LD_RUNPATH_SEARCH_PATHS = "$(inherited) @executable_path/Frameworks @loader_path/Frameworks";
				PRODUCT_NAME = "$(TARGET_NAME)";
				TEST_HOST = "$(BUILT_PRODUCTS_DIR)/indigolink.app/indigolink";
			};
			name = Release;
		};
/* End XCBuildConfiguration section */

/* Begin XCConfigurationList section */
		13CF3C891AA332B400E1EDBE /* Build configuration list for PBXProject "indigolink" */ = {
			isa = XCConfigurationList;
			buildConfigurations = (
				13CF3CB21AA332B400E1EDBE /* Debug */,
				13CF3CB31AA332B400E1EDBE /* Release */,
			);
			defaultConfigurationIsVisible = 0;
			defaultConfigurationName = Release;
		};
		13CF3CB41AA332B400E1EDBE /* Build configuration list for PBXNativeTarget "indigolink" */ = {
			isa = XCConfigurationList;
			buildConfigurations = (
				13CF3CB51AA332B400E1EDBE /* Debug */,
				13CF3CB61AA332B400E1EDBE /* Release */,
			);
			defaultConfigurationIsVisible = 0;
			defaultConfigurationName = Release;
		};
		13CF3CB71AA332B400E1EDBE /* Build configuration list for PBXNativeTarget "indigolinkTests" */ = {
			isa = XCConfigurationList;
			buildConfigurations = (
				13CF3CB81AA332B400E1EDBE /* Debug */,
				13CF3CB91AA332B400E1EDBE /* Release */,
			);
			defaultConfigurationIsVisible = 0;
			defaultConfigurationName = Release;
		};
/* End XCConfigurationList section */

/* Begin XCVersionGroup section */
		13CF3C981AA332B400E1EDBE /* indigolink.xcdatamodeld */ = {
			isa = XCVersionGroup;
			children = (
				13CF3C991AA332B400E1EDBE /* indigolink.xcdatamodel */,
			);
			currentVersion = 13CF3C991AA332B400E1EDBE /* indigolink.xcdatamodel */;
			path = indigolink.xcdatamodeld;
			sourceTree = "<group>";
			versionGroupType = wrapper.xcdatamodel;
		};
/* End XCVersionGroup section */
	};
	rootObject = 13CF3C861AA332B400E1EDBE /* Project object */;
}
